
Microsoft Visual Studio Solution File, Format Version 12.00
# Visual Studio 15
VisualStudioVersion = 15.0.28307.438
MinimumVisualStudioVersion = 10.0.40219.1
Project("{FAE04EC0-301F-11D3-BF4B-00C04F79EFBC}") = "MSL", "MSL\MSL.csproj", "{0A69FBD3-D577-43BA-AA78-8E8A892711DF}"
EndProject
Global
	GlobalSection(SolutionConfigurationPlatforms) = preSolution
		Debug|Any CPU = Debug|Any CPU
		Release|Any CPU = Release|Any CPU
	EndGlobalSection
	GlobalSection(ProjectConfigurationPlatforms) = postSolution
		{0A69FBD3-D577-43BA-AA78-8E8A892711DF}.Debug|Any CPU.ActiveCfg = Debug|Any CPU
		{0A69FBD3-D577-43BA-AA78-8E8A892711DF}.Debug|Any CPU.Build.0 = Debug|Any CPU
		{0A69FBD3-D577-43BA-AA78-8E8A892711DF}.Release|Any CPU.ActiveCfg = Release|Any CPU
		{0A69FBD3-D577-43BA-AA78-8E8A892711DF}.Release|Any CPU.Build.0 = Release|Any CPU
	EndGlobalSection
	GlobalSection(SolutionProperties) = preSolution
		HideSolutionNode = FALSE
	EndGlobalSection
	GlobalSection(ExtensibilityGlobals) = postSolution
		SolutionGuid = {C462AF0D-74ED-4DEC-A1B4-CD7FCB6E1EE9}
	EndGlobalSection
EndGlobal
